{
    "version": 3,
    "terraform_version": "0.11.7",
    "serial": 70,
    "lineage": "2f6218e7-6b81-ac6b-ea2f-49f10f6b91d6",
    "modules": [
        {
            "path": [
                "root"
            ],
            "outputs": {
                "app_client_id": {
                    "sensitive": false,
                    "type": "string",
                    "value": "5mkuskpsn0di0s6n27vbos7cpt"
                },
                "db_endpoint": {
                    "sensitive": false,
                    "type": "string",
                    "value": "suziespals-instance.cxveiegb4bha.us-east-1.rds.amazonaws.com:3306"
                },
                "user_pool_id": {
                    "sensitive": false,
                    "type": "string",
                    "value": "us-east-1_LgRuW3pmq"
                }
            },
            "resources": {},
            "depends_on": []
        },
        {
            "path": [
                "root",
                "api"
            ],
            "outputs": {},
            "resources": {
                "aws_api_gateway_integration.pet_profiles_options": {
                    "type": "aws_api_gateway_integration",
                    "depends_on": [
                        "aws_api_gateway_method.pet_profiles_options",
                        "aws_api_gateway_resource.pet_profiles",
                        "aws_api_gateway_rest_api.api"
                    ],
                    "primary": {
                        "id": "agi-6ejg5splnc-d3h5n2-OPTIONS",
                        "attributes": {
                            "cache_key_parameters.#": "0",
                            "cache_namespace": "d3h5n2",
                            "connection_id": "",
                            "connection_type": "INTERNET",
                            "http_method": "OPTIONS",
                            "id": "agi-6ejg5splnc-d3h5n2-OPTIONS",
                            "passthrough_behavior": "WHEN_NO_MATCH",
                            "request_parameters.%": "0",
                            "request_templates.%": "1",
                            "request_templates.application/json": "{\"statusCode\": 200}\n",
                            "resource_id": "d3h5n2",
                            "rest_api_id": "6ejg5splnc",
                            "timeout_milliseconds": "29000",
                            "type": "MOCK"
                        },
                        "meta": {},
                        "tainted": false
                    },
                    "deposed": [],
                    "provider": "provider.aws"
                },
                "aws_api_gateway_integration.pet_profiles_post": {
                    "type": "aws_api_gateway_integration",
                    "depends_on": [
                        "aws_api_gateway_method.pet_profiles_post",
                        "aws_api_gateway_resource.pet_profiles",
                        "aws_api_gateway_rest_api.api"
                    ],
                    "primary": {
                        "id": "agi-6ejg5splnc-d3h5n2-POST",
                        "attributes": {
                            "cache_key_parameters.#": "0",
                            "cache_namespace": "d3h5n2",
                            "connection_id": "",
                            "connection_type": "INTERNET",
                            "http_method": "POST",
                            "id": "agi-6ejg5splnc-d3h5n2-POST",
                            "integration_http_method": "POST",
                            "passthrough_behavior": "WHEN_NO_MATCH",
                            "request_parameters.%": "0",
                            "request_templates.%": "0",
                            "resource_id": "d3h5n2",
                            "rest_api_id": "6ejg5splnc",
                            "timeout_milliseconds": "29000",
                            "type": "AWS",
                            "uri": "arn:aws:apigateway:us-east-1:lambda:path/2015-03-31/functions/arn:aws:lambda:us-east-1:240400571745:function:suziespals_api_createPetProfile/invocations"
                        },
                        "meta": {},
                        "tainted": false
                    },
                    "deposed": [],
                    "provider": "provider.aws"
                },
                "aws_api_gateway_integration_response.pet_profiles_options": {
                    "type": "aws_api_gateway_integration_response",
                    "depends_on": [
                        "aws_api_gateway_integration.pet_profiles_post",
                        "aws_api_gateway_method.pet_profiles_options",
                        "aws_api_gateway_method_response.pet_profiles_options_200",
                        "aws_api_gateway_resource.pet_profiles",
                        "aws_api_gateway_rest_api.api"
                    ],
                    "primary": {
                        "id": "agir-6ejg5splnc-d3h5n2-OPTIONS-200",
                        "attributes": {
                            "http_method": "OPTIONS",
                            "id": "agir-6ejg5splnc-d3h5n2-OPTIONS-200",
                            "resource_id": "d3h5n2",
                            "response_parameters.%": "3",
                            "response_parameters.method.response.header.Access-Control-Allow-Headers": "'Content-Type,X-Amz-Date,Authorization,X-Api-Key,X-Amz-Security-Token'",
                            "response_parameters.method.response.header.Access-Control-Allow-Methods": "'POST,OPTIONS'",
                            "response_parameters.method.response.header.Access-Control-Allow-Origin": "'*'",
                            "response_templates.%": "0",
                            "rest_api_id": "6ejg5splnc",
                            "selection_pattern": "",
                            "status_code": "200"
                        },
                        "meta": {},
                        "tainted": false
                    },
                    "deposed": [],
                    "provider": "provider.aws"
                },
                "aws_api_gateway_integration_response.pet_profiles_post": {
                    "type": "aws_api_gateway_integration_response",
                    "depends_on": [
                        "aws_api_gateway_integration.pet_profiles_post",
                        "aws_api_gateway_method.pet_profiles_post",
                        "aws_api_gateway_method_response.pet_profiles_post_200",
                        "aws_api_gateway_resource.pet_profiles",
                        "aws_api_gateway_rest_api.api"
                    ],
                    "primary": {
                        "id": "agir-6ejg5splnc-d3h5n2-POST-200",
                        "attributes": {
                            "http_method": "POST",
                            "id": "agir-6ejg5splnc-d3h5n2-POST-200",
                            "resource_id": "d3h5n2",
                            "response_parameters.%": "1",
                            "response_parameters.method.response.header.Access-Control-Allow-Origin": "'*'",
                            "response_templates.%": "1",
                            "response_templates.application/json": "\n",
                            "rest_api_id": "6ejg5splnc",
                            "selection_pattern": "",
                            "status_code": "200"
                        },
                        "meta": {},
                        "tainted": false
                    },
                    "deposed": [],
                    "provider": "provider.aws"
                },
                "aws_api_gateway_method.pet_profiles_options": {
                    "type": "aws_api_gateway_method",
                    "depends_on": [
                        "aws_api_gateway_resource.pet_profiles",
                        "aws_api_gateway_rest_api.api"
                    ],
                    "primary": {
                        "id": "agm-6ejg5splnc-d3h5n2-OPTIONS",
                        "attributes": {
                            "api_key_required": "false",
                            "authorization": "NONE",
                            "authorization_scopes.#": "0",
                            "authorizer_id": "",
                            "http_method": "OPTIONS",
                            "id": "agm-6ejg5splnc-d3h5n2-OPTIONS",
                            "request_models.%": "0",
                            "request_parameters.%": "0",
                            "request_validator_id": "",
                            "resource_id": "d3h5n2",
                            "rest_api_id": "6ejg5splnc"
                        },
                        "meta": {},
                        "tainted": false
                    },
                    "deposed": [],
                    "provider": "provider.aws"
                },
                "aws_api_gateway_method.pet_profiles_post": {
                    "type": "aws_api_gateway_method",
                    "depends_on": [
                        "aws_api_gateway_resource.pet_profiles",
                        "aws_api_gateway_rest_api.api"
                    ],
                    "primary": {
                        "id": "agm-6ejg5splnc-d3h5n2-POST",
                        "attributes": {
                            "api_key_required": "false",
                            "authorization": "NONE",
                            "authorization_scopes.#": "0",
                            "authorizer_id": "",
                            "http_method": "POST",
                            "id": "agm-6ejg5splnc-d3h5n2-POST",
                            "request_models.%": "0",
                            "request_parameters.%": "0",
                            "request_validator_id": "",
                            "resource_id": "d3h5n2",
                            "rest_api_id": "6ejg5splnc"
                        },
                        "meta": {},
                        "tainted": false
                    },
                    "deposed": [],
                    "provider": "provider.aws"
                },
                "aws_api_gateway_method_response.pet_profiles_options_200": {
                    "type": "aws_api_gateway_method_response",
                    "depends_on": [
                        "aws_api_gateway_method.pet_profiles_options",
                        "aws_api_gateway_resource.pet_profiles",
                        "aws_api_gateway_rest_api.api"
                    ],
                    "primary": {
                        "id": "agmr-6ejg5splnc-d3h5n2-OPTIONS-200",
                        "attributes": {
                            "http_method": "OPTIONS",
                            "id": "agmr-6ejg5splnc-d3h5n2-OPTIONS-200",
                            "resource_id": "d3h5n2",
                            "response_models.%": "1",
                            "response_models.application/json": "Empty",
                            "response_parameters.%": "3",
                            "response_parameters.method.response.header.Access-Control-Allow-Headers": "true",
                            "response_parameters.method.response.header.Access-Control-Allow-Methods": "true",
                            "response_parameters.method.response.header.Access-Control-Allow-Origin": "true",
                            "rest_api_id": "6ejg5splnc",
                            "status_code": "200"
                        },
                        "meta": {},
                        "tainted": false
                    },
                    "deposed": [],
                    "provider": "provider.aws"
                },
                "aws_api_gateway_method_response.pet_profiles_post_200": {
                    "type": "aws_api_gateway_method_response",
                    "depends_on": [
                        "aws_api_gateway_method.pet_profiles_post",
                        "aws_api_gateway_resource.pet_profiles",
                        "aws_api_gateway_rest_api.api"
                    ],
                    "primary": {
                        "id": "agmr-6ejg5splnc-d3h5n2-POST-200",
                        "attributes": {
                            "http_method": "POST",
                            "id": "agmr-6ejg5splnc-d3h5n2-POST-200",
                            "resource_id": "d3h5n2",
                            "response_models.%": "0",
                            "response_parameters.%": "1",
                            "response_parameters.method.response.header.Access-Control-Allow-Origin": "true",
                            "rest_api_id": "6ejg5splnc",
                            "status_code": "200"
                        },
                        "meta": {},
                        "tainted": false
                    },
                    "deposed": [],
                    "provider": "provider.aws"
                },
                "aws_api_gateway_resource.pet_profiles": {
                    "type": "aws_api_gateway_resource",
                    "depends_on": [
                        "aws_api_gateway_rest_api.api"
                    ],
                    "primary": {
                        "id": "d3h5n2",
                        "attributes": {
                            "id": "d3h5n2",
                            "parent_id": "2he32zch3k",
                            "path": "/pet-profile",
                            "path_part": "pet-profile",
                            "rest_api_id": "6ejg5splnc"
                        },
                        "meta": {},
                        "tainted": false
                    },
                    "deposed": [],
                    "provider": "provider.aws"
                },
                "aws_api_gateway_rest_api.api": {
                    "type": "aws_api_gateway_rest_api",
                    "depends_on": [],
                    "primary": {
                        "id": "6ejg5splnc",
                        "attributes": {
                            "api_key_source": "HEADER",
                            "binary_media_types.#": "0",
                            "created_date": "2018-08-08T13:44:00Z",
                            "description": "suziespals API interface to lambda functions",
                            "endpoint_configuration.#": "1",
                            "endpoint_configuration.0.types.#": "1",
                            "endpoint_configuration.0.types.0": "REGIONAL",
                            "execution_arn": "arn:aws:execute-api:us-east-1:240400571745:6ejg5splnc",
                            "id": "6ejg5splnc",
                            "minimum_compression_size": "-1",
                            "name": "suziespals_api",
                            "policy": "",
                            "root_resource_id": "2he32zch3k"
                        },
                        "meta": {},
                        "tainted": false
                    },
                    "deposed": [],
                    "provider": "provider.aws"
                },
                "aws_lambda_permission.pet_profiles": {
                    "type": "aws_lambda_permission",
                    "depends_on": [
                        "aws_api_gateway_method.pet_profiles_post",
                        "aws_api_gateway_resource.pet_profiles",
                        "aws_api_gateway_rest_api.api"
                    ],
                    "primary": {
                        "id": "AllowExecutionFromAPIGateway",
                        "attributes": {
                            "action": "lambda:InvokeFunction",
                            "function_name": "arn:aws:lambda:us-east-1:240400571745:function:suziespals_api_createPetProfile",
                            "id": "AllowExecutionFromAPIGateway",
                            "principal": "apigateway.amazonaws.com",
                            "qualifier": "",
                            "source_arn": "arn:aws:execute-api:us-east-1:240400571745:6ejg5splnc/*/POST/pet-profile",
                            "statement_id": "AllowExecutionFromAPIGateway"
                        },
                        "meta": {},
                        "tainted": false
                    },
                    "deposed": [],
                    "provider": "provider.aws"
                }
            },
            "depends_on": []
        },
        {
            "path": [
                "root",
                "cognito"
            ],
            "outputs": {
                "app_client_id": {
                    "sensitive": false,
                    "type": "string",
                    "value": "5mkuskpsn0di0s6n27vbos7cpt"
                },
                "user_pool_id": {
                    "sensitive": false,
                    "type": "string",
                    "value": "us-east-1_LgRuW3pmq"
                }
            },
            "resources": {
                "aws_cognito_user_pool.pool": {
                    "type": "aws_cognito_user_pool",
                    "depends_on": [],
                    "primary": {
                        "id": "us-east-1_LgRuW3pmq",
                        "attributes": {
                            "admin_create_user_config.#": "1",
                            "admin_create_user_config.0.allow_admin_create_user_only": "false",
                            "admin_create_user_config.0.invite_message_template.#": "0",
                            "admin_create_user_config.0.unused_account_validity_days": "7",
                            "arn": "arn:aws:cognito-idp:us-east-1:240400571745:userpool/us-east-1_LgRuW3pmq",
                            "auto_verified_attributes.#": "1",
                            "auto_verified_attributes.881205744": "email",
                            "creation_date": "2018-08-08T13:44:01Z",
                            "device_configuration.#": "0",
                            "email_configuration.#": "0",
                            "email_verification_message": "Please return to the logon page and verify your account with the code {####}",
                            "email_verification_subject": "Please verify your Suzie's Pals account",
                            "endpoint": "cognito-idp.us-east-1.amazonaws.com/us-east-1_LgRuW3pmq",
                            "id": "us-east-1_LgRuW3pmq",
                            "lambda_config.#": "0",
                            "last_modified_date": "2018-08-08T13:44:01Z",
                            "mfa_configuration": "OFF",
                            "name": "suziespals_user_pool",
                            "password_policy.#": "1",
                            "password_policy.0.minimum_length": "8",
                            "password_policy.0.require_lowercase": "true",
                            "password_policy.0.require_numbers": "true",
                            "password_policy.0.require_symbols": "false",
                            "password_policy.0.require_uppercase": "true",
                            "schema.#": "1",
                            "schema.298401170.attribute_data_type": "String",
                            "schema.298401170.developer_only_attribute": "false",
                            "schema.298401170.mutable": "false",
                            "schema.298401170.name": "name",
                            "schema.298401170.number_attribute_constraints.#": "0",
                            "schema.298401170.required": "true",
                            "schema.298401170.string_attribute_constraints.#": "1",
                            "schema.298401170.string_attribute_constraints.0.max_length": "50",
                            "schema.298401170.string_attribute_constraints.0.min_length": "0",
                            "sms_configuration.#": "0",
                            "tags.%": "0",
                            "username_attributes.#": "1",
                            "username_attributes.0": "email",
                            "verification_message_template.#": "1",
                            "verification_message_template.0.default_email_option": "CONFIRM_WITH_CODE",
                            "verification_message_template.0.email_message": "Please return to the logon page and verify your account with the code {####}",
                            "verification_message_template.0.email_message_by_link": "",
                            "verification_message_template.0.email_subject": "Please verify your Suzie's Pals account",
                            "verification_message_template.0.email_subject_by_link": "",
                            "verification_message_template.0.sms_message": ""
                        },
                        "meta": {},
                        "tainted": false
                    },
                    "deposed": [],
                    "provider": "provider.aws"
                },
                "aws_cognito_user_pool_client.client": {
                    "type": "aws_cognito_user_pool_client",
                    "depends_on": [
                        "aws_cognito_user_pool.pool"
                    ],
                    "primary": {
                        "id": "5mkuskpsn0di0s6n27vbos7cpt",
                        "attributes": {
                            "allowed_oauth_flows.#": "0",
                            "allowed_oauth_flows_user_pool_client": "false",
                            "allowed_oauth_scopes.#": "0",
                            "callback_urls.#": "0",
                            "client_secret": "",
                            "default_redirect_uri": "",
                            "explicit_auth_flows.#": "0",
                            "generate_secret": "false",
                            "id": "5mkuskpsn0di0s6n27vbos7cpt",
                            "logout_urls.#": "0",
                            "name": "suziespals_app_client",
                            "read_attributes.#": "0",
                            "refresh_token_validity": "30",
                            "supported_identity_providers.#": "0",
                            "user_pool_id": "us-east-1_LgRuW3pmq",
                            "write_attributes.#": "0"
                        },
                        "meta": {},
                        "tainted": false
                    },
                    "deposed": [],
                    "provider": "provider.aws"
                }
            },
            "depends_on": []
        },
        {
            "path": [
                "root",
                "iam"
            ],
            "outputs": {
                "arn": {
                    "sensitive": false,
                    "type": "string",
                    "value": "arn:aws:iam::240400571745:role/suziespals_lambda_role"
                }
            },
            "resources": {
                "aws_iam_policy.s3": {
                    "type": "aws_iam_policy",
                    "depends_on": [],
                    "primary": {
                        "id": "arn:aws:iam::240400571745:policy/suziespals-s3",
                        "attributes": {
                            "arn": "arn:aws:iam::240400571745:policy/suziespals-s3",
                            "id": "arn:aws:iam::240400571745:policy/suziespals-s3",
                            "name": "suziespals-s3",
                            "path": "/",
                            "policy": "{\n  \"Version\": \"2012-10-17\",\n  \"Statement\": [\n    {\n      \"Sid\": \"VisualEditor0\",\n      \"Effect\": \"Allow\",\n      \"Action\": \"s3:*\",\n      \"Resource\": \"*\"\n    },\n    {\n      \"Sid\": \"vpnaccess\",\n      \"Effect\": \"Allow\",\n      \"Action\": [\n        \"ec2:DescribeNetworkInterfaces\",\n        \"ec2:CreateNetworkInterface\",\n        \"ec2:DeleteNetworkInterface\"\n      ],\n      \"Resource\": \"*\"\n    }\n  ]\n}\n"
                        },
                        "meta": {},
                        "tainted": false
                    },
                    "deposed": [],
                    "provider": "provider.aws"
                },
                "aws_iam_policy_attachment.AWSLambdaBasicExecutionRole-policy-attachment": {
                    "type": "aws_iam_policy_attachment",
                    "depends_on": [
                        "aws_iam_role.lambda_role"
                    ],
                    "primary": {
                        "id": "AWSLambdaBasicExecutionRole-policy-attachment",
                        "attributes": {
                            "groups.#": "0",
                            "id": "AWSLambdaBasicExecutionRole-policy-attachment",
                            "name": "AWSLambdaBasicExecutionRole-policy-attachment",
                            "policy_arn": "arn:aws:iam::aws:policy/service-role/AWSLambdaBasicExecutionRole",
                            "roles.#": "1",
                            "roles.653406050": "suziespals_lambda_role",
                            "users.#": "0"
                        },
                        "meta": {},
                        "tainted": false
                    },
                    "deposed": [],
                    "provider": "provider.aws"
                },
                "aws_iam_policy_attachment.s3-policy-attachment": {
                    "type": "aws_iam_policy_attachment",
                    "depends_on": [
                        "aws_iam_role.lambda_role"
                    ],
                    "primary": {
                        "id": "suziespals-s3-policy-attachment",
                        "attributes": {
                            "groups.#": "0",
                            "id": "suziespals-s3-policy-attachment",
                            "name": "suziespals-s3-policy-attachment",
                            "policy_arn": "arn:aws:iam::240400571745:policy/suziespals-s3",
                            "roles.#": "1",
                            "roles.653406050": "suziespals_lambda_role",
                            "users.#": "0"
                        },
                        "meta": {},
                        "tainted": false
                    },
                    "deposed": [],
                    "provider": "provider.aws"
                },
                "aws_iam_role.lambda_role": {
                    "type": "aws_iam_role",
                    "depends_on": [],
                    "primary": {
                        "id": "suziespals_lambda_role",
                        "attributes": {
                            "arn": "arn:aws:iam::240400571745:role/suziespals_lambda_role",
                            "assume_role_policy": "{\"Version\":\"2012-10-17\",\"Statement\":[{\"Effect\":\"Allow\",\"Principal\":{\"Service\":\"lambda.amazonaws.com\"},\"Action\":\"sts:AssumeRole\"}]}",
                            "create_date": "2018-08-08T13:44:00Z",
                            "description": "",
                            "force_detach_policies": "false",
                            "id": "suziespals_lambda_role",
                            "max_session_duration": "3600",
                            "name": "suziespals_lambda_role",
                            "path": "/",
                            "unique_id": "AROAJGEEHNKRGJ3QJQERA"
                        },
                        "meta": {},
                        "tainted": false
                    },
                    "deposed": [],
                    "provider": "provider.aws"
                }
            },
            "depends_on": []
        },
        {
            "path": [
                "root",
                "lambda"
            ],
            "outputs": {
                "create_pet_profile_lambda_arn": {
                    "sensitive": false,
                    "type": "string",
                    "value": "arn:aws:lambda:us-east-1:240400571745:function:suziespals_api_createPetProfile"
                }
            },
            "resources": {
                "aws_lambda_function.create_pet_profile": {
                    "type": "aws_lambda_function",
                    "depends_on": [
                        "data.aws_subnet_ids.subnets"
                    ],
                    "primary": {
                        "id": "suziespals_api_createPetProfile",
                        "attributes": {
                            "arn": "arn:aws:lambda:us-east-1:240400571745:function:suziespals_api_createPetProfile",
                            "dead_letter_config.#": "0",
                            "description": "",
                            "environment.#": "0",
                            "filename": "/Users/martin/website/suziespals-ang/aws/terraform/.terraform/modules/31e8626aafba49e873f657cb7aea16ec/zips/createPetProfile.zip",
                            "function_name": "suziespals_api_createPetProfile",
                            "handler": "index.handler",
                            "id": "suziespals_api_createPetProfile",
                            "invoke_arn": "arn:aws:apigateway:us-east-1:lambda:path/2015-03-31/functions/arn:aws:lambda:us-east-1:240400571745:function:suziespals_api_createPetProfile/invocations",
                            "kms_key_arn": "",
                            "last_modified": "2018-08-08T13:44:13.402+0000",
                            "memory_size": "128",
                            "publish": "false",
                            "qualified_arn": "arn:aws:lambda:us-east-1:240400571745:function:suziespals_api_createPetProfile:$LATEST",
                            "reserved_concurrent_executions": "0",
                            "role": "arn:aws:iam::240400571745:role/suziespals_lambda_role",
                            "runtime": "nodejs8.10",
                            "source_code_hash": "mXN4wZFfrbrDaAPwlIkW/5cSKm3ec7nWciwUxr8ZKSE=",
                            "source_code_size": "659802",
                            "tags.%": "0",
                            "timeout": "3",
                            "tracing_config.#": "1",
                            "tracing_config.0.mode": "PassThrough",
                            "version": "$LATEST",
                            "vpc_config.#": "1",
                            "vpc_config.0.security_group_ids.#": "1",
                            "vpc_config.0.security_group_ids.250421863": "sg-955cd1e4",
                            "vpc_config.0.subnet_ids.#": "3",
                            "vpc_config.0.subnet_ids.429249107": "subnet-8c358ad6",
                            "vpc_config.0.subnet_ids.548170159": "subnet-e3223186",
                            "vpc_config.0.subnet_ids.584444646": "subnet-e97ee7e5",
                            "vpc_config.0.vpc_id": "vpc-09189870"
                        },
                        "meta": {},
                        "tainted": false
                    },
                    "deposed": [],
                    "provider": "provider.aws"
                },
                "data.aws_subnet_ids.subnets": {
                    "type": "aws_subnet_ids",
                    "depends_on": [],
                    "primary": {
                        "id": "vpc-09189870",
                        "attributes": {
                            "id": "vpc-09189870",
                            "ids.#": "6",
                            "ids.1825005163": "subnet-4176f16d",
                            "ids.3417363411": "subnet-4e413e06",
                            "ids.3713781394": "subnet-51fac56d",
                            "ids.429249107": "subnet-8c358ad6",
                            "ids.548170159": "subnet-e3223186",
                            "ids.584444646": "subnet-e97ee7e5",
                            "vpc_id": "vpc-09189870"
                        },
                        "meta": {},
                        "tainted": false
                    },
                    "deposed": [],
                    "provider": "provider.aws"
                }
            },
            "depends_on": []
        },
        {
            "path": [
                "root",
                "rds"
            ],
            "outputs": {
                "db_endpoint": {
                    "sensitive": false,
                    "type": "string",
                    "value": "suziespals-instance.cxveiegb4bha.us-east-1.rds.amazonaws.com:3306"
                }
            },
            "resources": {
                "aws_db_instance.default": {
                    "type": "aws_db_instance",
                    "depends_on": [],
                    "primary": {
                        "id": "suziespals-instance",
                        "attributes": {
                            "address": "suziespals-instance.cxveiegb4bha.us-east-1.rds.amazonaws.com",
                            "allocated_storage": "20",
                            "apply_immediately": "true",
                            "arn": "arn:aws:rds:us-east-1:240400571745:db:suziespals-instance",
                            "auto_minor_version_upgrade": "true",
                            "availability_zone": "us-east-1f",
                            "backup_retention_period": "0",
                            "backup_window": "03:52-04:22",
                            "ca_cert_identifier": "rds-ca-2015",
                            "copy_tags_to_snapshot": "false",
                            "db_subnet_group_name": "default",
                            "enabled_cloudwatch_logs_exports.#": "0",
                            "endpoint": "suziespals-instance.cxveiegb4bha.us-east-1.rds.amazonaws.com:3306",
                            "engine": "mysql",
                            "engine_version": "5.7.22",
                            "hosted_zone_id": "Z2R2ITUGPM61AM",
                            "iam_database_authentication_enabled": "false",
                            "id": "suziespals-instance",
                            "identifier": "suziespals-instance",
                            "instance_class": "db.t2.micro",
                            "iops": "0",
                            "kms_key_id": "",
                            "license_model": "general-public-license",
                            "maintenance_window": "sat:08:29-sat:08:59",
                            "monitoring_interval": "0",
                            "multi_az": "false",
                            "name": "suziespals",
                            "option_group_name": "default:mysql-5-7",
                            "parameter_group_name": "default.mysql5.7",
                            "password": "Su5an0518",
                            "port": "3306",
                            "publicly_accessible": "true",
                            "replicas.#": "0",
                            "replicate_source_db": "",
                            "resource_id": "db-CGKFPTAE6A47MYVP6OKW4T5U6M",
                            "security_group_names.#": "0",
                            "skip_final_snapshot": "true",
                            "status": "available",
                            "storage_encrypted": "false",
                            "storage_type": "gp2",
                            "tags.%": "0",
                            "timezone": "",
                            "username": "martinsmifff",
                            "vpc_security_group_ids.#": "1",
                            "vpc_security_group_ids.3394042887": "sg-9fe939d2"
                        },
                        "meta": {
                            "e2bfb730-ecaa-11e6-8f88-34363bc7c4c0": {
                                "create": 2400000000000,
                                "delete": 2400000000000,
                                "update": 4800000000000
                            }
                        },
                        "tainted": false
                    },
                    "deposed": [],
                    "provider": "provider.aws"
                },
                "null_resource.build": {
                    "type": "null_resource",
                    "depends_on": [],
                    "primary": {
                        "id": "2579492530500527246",
                        "attributes": {
                            "id": "2579492530500527246",
                            "triggers.%": "1",
                            "triggers.policy_sha1": "3f02f27dc3259f610cc9c41ed41e00ceb3890688"
                        },
                        "meta": {},
                        "tainted": false
                    },
                    "deposed": [],
                    "provider": "provider.null"
                }
            },
            "depends_on": []
        },
        {
            "path": [
                "root",
                "sg"
            ],
            "outputs": {
                "mysql_sg_id": {
                    "sensitive": false,
                    "type": "string",
                    "value": "sg-9fe939d2"
                }
            },
            "resources": {
                "aws_security_group.mysql_sg": {
                    "type": "aws_security_group",
                    "depends_on": [],
                    "primary": {
                        "id": "sg-9fe939d2",
                        "attributes": {
                            "arn": "arn:aws:ec2:us-east-1:240400571745:security-group/sg-9fe939d2",
                            "description": "Managed by Terraform",
                            "egress.#": "1",
                            "egress.1403647648.cidr_blocks.#": "1",
                            "egress.1403647648.cidr_blocks.0": "0.0.0.0/0",
                            "egress.1403647648.description": "",
                            "egress.1403647648.from_port": "0",
                            "egress.1403647648.ipv6_cidr_blocks.#": "0",
                            "egress.1403647648.prefix_list_ids.#": "0",
                            "egress.1403647648.protocol": "tcp",
                            "egress.1403647648.security_groups.#": "0",
                            "egress.1403647648.self": "false",
                            "egress.1403647648.to_port": "65535",
                            "id": "sg-9fe939d2",
                            "ingress.#": "1",
                            "ingress.2729600979.cidr_blocks.#": "2",
                            "ingress.2729600979.cidr_blocks.0": "86.2.19.32/32",
                            "ingress.2729600979.cidr_blocks.1": "172.31.0.0/16",
                            "ingress.2729600979.description": "",
                            "ingress.2729600979.from_port": "3306",
                            "ingress.2729600979.ipv6_cidr_blocks.#": "0",
                            "ingress.2729600979.protocol": "tcp",
                            "ingress.2729600979.security_groups.#": "0",
                            "ingress.2729600979.self": "false",
                            "ingress.2729600979.to_port": "3306",
                            "name": "suziespals-sg",
                            "owner_id": "240400571745",
                            "revoke_rules_on_delete": "false",
                            "tags.%": "0",
                            "vpc_id": "vpc-09189870"
                        },
                        "meta": {
                            "e2bfb730-ecaa-11e6-8f88-34363bc7c4c0": {
                                "create": 600000000000,
                                "delete": 600000000000
                            },
                            "schema_version": "1"
                        },
                        "tainted": false
                    },
                    "deposed": [],
                    "provider": "provider.aws"
                },
                "aws_security_group_rule.msql_sg_in": {
                    "type": "aws_security_group_rule",
                    "depends_on": [
                        "aws_security_group.mysql_sg"
                    ],
                    "primary": {
                        "id": "sgrule-3167664660",
                        "attributes": {
                            "cidr_blocks.#": "1",
                            "cidr_blocks.0": "86.2.19.32/32",
                            "description": "",
                            "from_port": "3306",
                            "id": "sgrule-3167664660",
                            "ipv6_cidr_blocks.#": "0",
                            "prefix_list_ids.#": "0",
                            "protocol": "tcp",
                            "security_group_id": "sg-9fe939d2",
                            "self": "false",
                            "to_port": "3306",
                            "type": "ingress"
                        },
                        "meta": {
                            "schema_version": "2"
                        },
                        "tainted": false
                    },
                    "deposed": [],
                    "provider": "provider.aws"
                },
                "aws_security_group_rule.msql_sg_in_vpc": {
                    "type": "aws_security_group_rule",
                    "depends_on": [
                        "aws_security_group.mysql_sg"
                    ],
                    "primary": {
                        "id": "sgrule-1398795286",
                        "attributes": {
                            "cidr_blocks.#": "1",
                            "cidr_blocks.0": "172.31.0.0/16",
                            "description": "",
                            "from_port": "3306",
                            "id": "sgrule-1398795286",
                            "ipv6_cidr_blocks.#": "0",
                            "prefix_list_ids.#": "0",
                            "protocol": "tcp",
                            "security_group_id": "sg-9fe939d2",
                            "self": "false",
                            "to_port": "3306",
                            "type": "ingress"
                        },
                        "meta": {
                            "schema_version": "2"
                        },
                        "tainted": false
                    },
                    "deposed": [],
                    "provider": "provider.aws"
                },
                "aws_security_group_rule.msql_sg_out": {
                    "type": "aws_security_group_rule",
                    "depends_on": [
                        "aws_security_group.mysql_sg"
                    ],
                    "primary": {
                        "id": "sgrule-1693369184",
                        "attributes": {
                            "cidr_blocks.#": "1",
                            "cidr_blocks.0": "0.0.0.0/0",
                            "description": "",
                            "from_port": "0",
                            "id": "sgrule-1693369184",
                            "ipv6_cidr_blocks.#": "0",
                            "prefix_list_ids.#": "0",
                            "protocol": "tcp",
                            "security_group_id": "sg-9fe939d2",
                            "self": "false",
                            "to_port": "65535",
                            "type": "egress"
                        },
                        "meta": {
                            "schema_version": "2"
                        },
                        "tainted": false
                    },
                    "deposed": [],
                    "provider": "provider.aws"
                }
            },
            "depends_on": []
        }
    ]
}
